
Microsoft Visual Studio Solution File, Format Version 12.00
# Visual Studio Version 17
VisualStudioVersion = 17.1.32228.430
MinimumVisualStudioVersion = 10.0.40219.1
Project("{FAE04EC0-301F-11D3-BF4B-00C04F79EFBC}") = "BlogPessoal", "BlogPessoal\BlogPessoal.csproj", "{E07635C5-66C3-4093-AEFC-7D7113500F42}"
EndProject
Project("{FAE04EC0-301F-11D3-BF4B-00C04F79EFBC}") = "BlogPessoalTeste", "BlogPessoalTeste\BlogPessoalTeste.csproj", "{F8E21E4D-9771-444C-A1A9-4F1CB65C4160}"
EndProject
Global
	GlobalSection(SolutionConfigurationPlatforms) = preSolution
		Debug|Any CPU = Debug|Any CPU
		Release|Any CPU = Release|Any CPU
	EndGlobalSection
	GlobalSection(ProjectConfigurationPlatforms) = postSolution
		{E07635C5-66C3-4093-AEFC-7D7113500F42}.Debug|Any CPU.ActiveCfg = Debug|Any CPU
		{E07635C5-66C3-4093-AEFC-7D7113500F42}.Debug|Any CPU.Build.0 = Debug|Any CPU
		{E07635C5-66C3-4093-AEFC-7D7113500F42}.Release|Any CPU.ActiveCfg = Release|Any CPU
		{E07635C5-66C3-4093-AEFC-7D7113500F42}.Release|Any CPU.Build.0 = Release|Any CPU
		{F8E21E4D-9771-444C-A1A9-4F1CB65C4160}.Debug|Any CPU.ActiveCfg = Debug|Any CPU
		{F8E21E4D-9771-444C-A1A9-4F1CB65C4160}.Debug|Any CPU.Build.0 = Debug|Any CPU
		{F8E21E4D-9771-444C-A1A9-4F1CB65C4160}.Release|Any CPU.ActiveCfg = Release|Any CPU
		{F8E21E4D-9771-444C-A1A9-4F1CB65C4160}.Release|Any CPU.Build.0 = Release|Any CPU
	EndGlobalSection
	GlobalSection(SolutionProperties) = preSolution
		HideSolutionNode = FALSE
	EndGlobalSection
	GlobalSection(ExtensibilityGlobals) = postSolution
		SolutionGuid = {6DBD8133-62CD-4D20-A5FB-CC5B58359089}
	EndGlobalSection
EndGlobal
